<?xml version="1.0" encoding="utf-8"?>
<Project ToolsVersion="4.0" xmlns="http://schemas.microsoft.com/developer/msbuild/2003">
  <ItemGroup>
    <ClCompile Include="main.cpp">
      <Filter>Winmain</Filter>
    </ClCompile>
    <ClCompile Include="Game.cpp">
      <Filter>Game</Filter>
    </ClCompile>
    <ClCompile Include="SceneMain.cpp">
      <Filter>Game</Filter>
    </ClCompile>
    <ClCompile Include="Utils.cpp">
      <Filter>Utils</Filter>
    </ClCompile>
    <ClCompile Include="Global.cpp">
      <Filter>Utils</Filter>
    </ClCompile>
    <ClCompile Include="GSprite.cpp">
      <Filter>Framework</Filter>
    </ClCompile>
    <ClCompile Include="GTexture.cpp">
      <Filter>Framework</Filter>
    </ClCompile>
    <ClCompile Include="GAudio.cpp">
      <Filter>Framework\Sound</Filter>
    </ClCompile>
    <ClCompile Include="GCamera.cpp">
      <Filter>Framework\Camera</Filter>
    </ClCompile>
    <ClCompile Include="dsutil.cpp">
      <Filter>Framework\Sound</Filter>
    </ClCompile>
    <ClCompile Include="GameObject.cpp">
      <Filter>Game Objects</Filter>
    </ClCompile>
    <ClCompile Include="Paddle.cpp">
      <Filter>Game Objects</Filter>
    </ClCompile>
    <ClCompile Include="Ball.cpp">
      <Filter>Game Objects</Filter>
    </ClCompile>
    <ClCompile Include="GUI.cpp">
      <Filter>GUI</Filter>
    </ClCompile>
  </ItemGroup>
  <ItemGroup>
    <ClInclude Include="Game.h">
      <Filter>Game</Filter>
    </ClInclude>
    <ClInclude Include="SceneMain.h">
      <Filter>Game</Filter>
    </ClInclude>
    <ClInclude Include="Utils.h">
      <Filter>Utils</Filter>
    </ClInclude>
    <ClInclude Include="Global.h">
      <Filter>Utils</Filter>
    </ClInclude>
    <ClInclude Include="GSprite.h">
      <Filter>Framework</Filter>
    </ClInclude>
    <ClInclude Include="GTexture.h">
      <Filter>Framework</Filter>
    </ClInclude>
    <ClInclude Include="GAudio.h">
      <Filter>Framework\Sound</Filter>
    </ClInclude>
    <ClInclude Include="GCamera.h">
      <Filter>Framework\Camera</Filter>
    </ClInclude>
    <ClInclude Include="dxutil.h">
      <Filter>Framework\Sound</Filter>
    </ClInclude>
    <ClInclude Include="dsutil.h">
      <Filter>Framework\Sound</Filter>
    </ClInclude>
    <ClInclude Include="GameObject.h">
      <Filter>Game Objects</Filter>
    </ClInclude>
    <ClInclude Include="Paddle.h">
      <Filter>Game Objects</Filter>
    </ClInclude>
    <ClInclude Include="Ball.h">
      <Filter>Game Objects</Filter>
    </ClInclude>
    <ClInclude Include="GUI.h">
      <Filter>GUI</Filter>
    </ClInclude>
  </ItemGroup>
  <ItemGroup>
    <Filter Include="Winmain">
      <UniqueIdentifier>{db6ca4fd-fa03-4961-876d-2c4e16d0330a}</UniqueIdentifier>
    </Filter>
    <Filter Include="Game">
      <UniqueIdentifier>{b6ed2014-42de-4db5-bb2a-191c2073fb48}</UniqueIdentifier>
    </Filter>
    <Filter Include="Framework">
      <UniqueIdentifier>{12e1e5f1-1e1b-4848-832e-d801b87eeda2}</UniqueIdentifier>
    </Filter>
    <Filter Include="Framework\Camera">
      <UniqueIdentifier>{c724c945-6c20-4fc0-87c4-264841f99fc2}</UniqueIdentifier>
    </Filter>
    <Filter Include="Framework\Sound">
      <UniqueIdentifier>{4dd12861-0f11-47a5-a9b9-d1f794b8fa3e}</UniqueIdentifier>
    </Filter>
    <Filter Include="Utils">
      <UniqueIdentifier>{8fb8ad7b-3f31-4156-a0bf-e4a278ae2b95}</UniqueIdentifier>
    </Filter>
    <Filter Include="Resources">
      <UniqueIdentifier>{ca7f03b5-e800-4f4d-baed-9da998d3fc31}</UniqueIdentifier>
    </Filter>
    <Filter Include="Game Objects">
      <UniqueIdentifier>{3b809f8b-1a7f-41a5-af2c-107adcca7abf}</UniqueIdentifier>
    </Filter>
    <Filter Include="GUI">
      <UniqueIdentifier>{f077925f-508a-480e-a111-e831290e6c64}</UniqueIdentifier>
    </Filter>
  </ItemGroup>
  <ItemGroup>
    <Image Include="background.jpg">
      <Filter>Resources</Filter>
    </Image>
    <Image Include="ball.bmp">
      <Filter>Resources</Filter>
    </Image>
    <Image Include="paddle.bmp">
      <Filter>Resources</Filter>
    </Image>
  </ItemGroup>
</Project>